
Microsoft Visual Studio Solution File, Format Version 12.00
# Visual Studio Version 16
VisualStudioVersion = 16.0.31321.278
MinimumVisualStudioVersion = 10.0.40219.1
Project("{888888A0-9F3D-457C-B088-3A5042F75D52}") = "SortOutMovieData", "SortOutMovieData\SortOutMovieData.pyproj", "{882E17E0-E4A4-4473-9212-DB7EEE865ECB}"
EndProject
Global
	GlobalSection(SolutionConfigurationPlatforms) = preSolution
		Debug|Any CPU = Debug|Any CPU
		Release|Any CPU = Release|Any CPU
	EndGlobalSection
	GlobalSection(ProjectConfigurationPlatforms) = postSolution
		{882E17E0-E4A4-4473-9212-DB7EEE865ECB}.Debug|Any CPU.ActiveCfg = Debug|Any CPU
		{882E17E0-E4A4-4473-9212-DB7EEE865ECB}.Release|Any CPU.ActiveCfg = Release|Any CPU
	EndGlobalSection
	GlobalSection(SolutionProperties) = preSolution
		HideSolutionNode = FALSE
	EndGlobalSection
	GlobalSection(ExtensibilityGlobals) = postSolution
		SolutionGuid = {74F100C0-4D47-41CD-8502-D0CBE21F1730}
	EndGlobalSection
EndGlobal
